
Microsoft Visual Studio Solution File, Format Version 12.00
# Visual Studio Version 16
VisualStudioVersion = 16.0.29911.84
MinimumVisualStudioVersion = 10.0.40219.1
Project("{FAE04EC0-301F-11D3-BF4B-00C04F79EFBC}") = "CourseLibrary.API", "CourseLibrary.API\CourseLibrary.API.csproj", "{9D7136C3-A350-4586-9A88-49F32A40194A}"
EndProject
Global
	GlobalSection(SolutionConfigurationPlatforms) = preSolution
		Debug|Any CPU = Debug|Any CPU
		Release|Any CPU = Release|Any CPU
	EndGlobalSection
	GlobalSection(ProjectConfigurationPlatforms) = postSolution
		{9D7136C3-A350-4586-9A88-49F32A40194A}.Debug|Any CPU.ActiveCfg = Debug|Any CPU
		{9D7136C3-A350-4586-9A88-49F32A40194A}.Debug|Any CPU.Build.0 = Debug|Any CPU
		{9D7136C3-A350-4586-9A88-49F32A40194A}.Release|Any CPU.ActiveCfg = Release|Any CPU
		{9D7136C3-A350-4586-9A88-49F32A40194A}.Release|Any CPU.Build.0 = Release|Any CPU
	EndGlobalSection
	GlobalSection(SolutionProperties) = preSolution
		HideSolutionNode = FALSE
	EndGlobalSection
	GlobalSection(ExtensibilityGlobals) = postSolution
		SolutionGuid = {D6647F83-EE1E-4A2F-9EB4-38E0CCDC8BA3}
	EndGlobalSection
EndGlobal
